
Microsoft Visual Studio Solution File, Format Version 12.00
# Visual Studio Version 17
VisualStudioVersion = 17.11.35312.102
MinimumVisualStudioVersion = 10.0.40219.1
Project("{FAE04EC0-301F-11D3-BF4B-00C04F79EFBC}") = "LuminBridgeFramework", "LuminBridgeFramework.csproj", "{B3D180C8-9314-4560-AB9E-460A98E6195D}"
EndProject
Global
	GlobalSection(SolutionConfigurationPlatforms) = preSolution
		Debug|Any CPU = Debug|Any CPU
		Release|Any CPU = Release|Any CPU
	EndGlobalSection
	GlobalSection(ProjectConfigurationPlatforms) = postSolution
		{B3D180C8-9314-4560-AB9E-460A98E6195D}.Debug|Any CPU.ActiveCfg = Debug|Any CPU
		{B3D180C8-9314-4560-AB9E-460A98E6195D}.Debug|Any CPU.Build.0 = Debug|Any CPU
		{B3D180C8-9314-4560-AB9E-460A98E6195D}.Release|Any CPU.ActiveCfg = Release|Any CPU
		{B3D180C8-9314-4560-AB9E-460A98E6195D}.Release|Any CPU.Build.0 = Release|Any CPU
	EndGlobalSection
	GlobalSection(SolutionProperties) = preSolution
		HideSolutionNode = FALSE
	EndGlobalSection
	GlobalSection(ExtensibilityGlobals) = postSolution
		SolutionGuid = {120E7CAE-6F7D-4573-9308-032FA4A0D259}
	EndGlobalSection
EndGlobal
